
Microsoft Visual Studio Solution File, Format Version 12.00
# Visual Studio 15
VisualStudioVersion = 15.0.26430.14
MinimumVisualStudioVersion = 10.0.40219.1
Project("{2150E333-8FDC-42A3-9474-1A3956D46DE8}") = "Solution Items", "Solution Items", "{B0323E80-757C-4082-9EEC-FD1FB58439F8}"
	ProjectSection(SolutionItems) = preProject
		.gitignore = .gitignore
		readme.md = readme.md
	EndProjectSection
EndProject
Project("{2150E333-8FDC-42A3-9474-1A3956D46DE8}") = "tests", "tests", "{4BABD1BF-A879-4CCE-B9E2-328179D6F85C}"
EndProject
Project("{2150E333-8FDC-42A3-9474-1A3956D46DE8}") = "src", "src", "{38C8546A-A6F9-4A17-9619-8E6FA8E181D2}"
EndProject
Project("{9A19103F-16F7-4668-BE54-9A1E7A4F7556}") = "Writ.Messaging", "Writ.Messaging\Writ.Messaging.csproj", "{AF2B718A-99CF-4248-8B00-FB123E9D85E2}"
EndProject
Project("{9A19103F-16F7-4668-BE54-9A1E7A4F7556}") = "Writ.Messaging.Kafka", "Writ.Messaging.Kafka\Writ.Messaging.Kafka.csproj", "{BA956DEA-0FEA-42A6-A39A-2588193E3862}"
EndProject
Project("{9A19103F-16F7-4668-BE54-9A1E7A4F7556}") = "Writ.Messaging.Tests", "Writ.Messaging.Tests\Writ.Messaging.Tests.csproj", "{FF90378D-A641-4358-9A30-E0CFA212ECE5}"
EndProject
Project("{9A19103F-16F7-4668-BE54-9A1E7A4F7556}") = "Writ.Messaging.Kafka.Tests", "Writ.Messaging.Kafka.Tests\Writ.Messaging.Kafka.Tests.csproj", "{92BF9427-B5BF-45AF-A83F-0EED5355EDDF}"
EndProject
Project("{9A19103F-16F7-4668-BE54-9A1E7A4F7556}") = "Writ.Messaging.Kafka.Events.Tests", "Writ.Messaging.Kafka.Events.Tests\Writ.Messaging.Kafka.Events.Tests.csproj", "{715E7172-9F06-49F0-8838-E37B00B96C50}"
EndProject
Project("{9A19103F-16F7-4668-BE54-9A1E7A4F7556}") = "Writ.Messaging.Kafka.Events", "Writ.Messaging.Kafka.Events\Writ.Messaging.Kafka.Events.csproj", "{E5A7F79C-0575-4F3E-979E-6D4576482AB9}"
EndProject
Project("{2150E333-8FDC-42A3-9474-1A3956D46DE8}") = "Sample", "Sample", "{81DE0E52-AFC5-45F3-86FA-3AEC5A52E859}"
EndProject
Project("{FAE04EC0-301F-11D3-BF4B-00C04F79EFBC}") = "Sample.CommandProcessor", "Sample.CommandProcessor\Sample.CommandProcessor.csproj", "{9DDD32FE-385E-4CE4-A60C-235E1468314A}"
EndProject
Project("{FAE04EC0-301F-11D3-BF4B-00C04F79EFBC}") = "Sample.Client", "Sample.Client\Sample.Client.csproj", "{7CEA2984-69AE-445D-9A73-D3FD3D9428F1}"
EndProject
Project("{FAE04EC0-301F-11D3-BF4B-00C04F79EFBC}") = "Sample.Domain", "Sample.Domain\Sample.Domain.csproj", "{4E6C53B1-F59A-4D02-9F08-FC0164268444}"
EndProject
Project("{FAE04EC0-301F-11D3-BF4B-00C04F79EFBC}") = "Sample.EventStore", "Sample.EventStore\Sample.EventStore.csproj", "{4AFC95C4-FDED-40CC-83B7-2C7B9F632580}"
EndProject
Global
	GlobalSection(SolutionConfigurationPlatforms) = preSolution
		Debug|Any CPU = Debug|Any CPU
		Release|Any CPU = Release|Any CPU
	EndGlobalSection
	GlobalSection(ProjectConfigurationPlatforms) = postSolution
		{AF2B718A-99CF-4248-8B00-FB123E9D85E2}.Debug|Any CPU.ActiveCfg = Debug|Any CPU
		{AF2B718A-99CF-4248-8B00-FB123E9D85E2}.Debug|Any CPU.Build.0 = Debug|Any CPU
		{AF2B718A-99CF-4248-8B00-FB123E9D85E2}.Release|Any CPU.ActiveCfg = Release|Any CPU
		{AF2B718A-99CF-4248-8B00-FB123E9D85E2}.Release|Any CPU.Build.0 = Release|Any CPU
		{BA956DEA-0FEA-42A6-A39A-2588193E3862}.Debug|Any CPU.ActiveCfg = Debug|Any CPU
		{BA956DEA-0FEA-42A6-A39A-2588193E3862}.Debug|Any CPU.Build.0 = Debug|Any CPU
		{BA956DEA-0FEA-42A6-A39A-2588193E3862}.Release|Any CPU.ActiveCfg = Release|Any CPU
		{BA956DEA-0FEA-42A6-A39A-2588193E3862}.Release|Any CPU.Build.0 = Release|Any CPU
		{FF90378D-A641-4358-9A30-E0CFA212ECE5}.Debug|Any CPU.ActiveCfg = Debug|Any CPU
		{FF90378D-A641-4358-9A30-E0CFA212ECE5}.Debug|Any CPU.Build.0 = Debug|Any CPU
		{FF90378D-A641-4358-9A30-E0CFA212ECE5}.Release|Any CPU.ActiveCfg = Release|Any CPU
		{FF90378D-A641-4358-9A30-E0CFA212ECE5}.Release|Any CPU.Build.0 = Release|Any CPU
		{92BF9427-B5BF-45AF-A83F-0EED5355EDDF}.Debug|Any CPU.ActiveCfg = Debug|Any CPU
		{92BF9427-B5BF-45AF-A83F-0EED5355EDDF}.Debug|Any CPU.Build.0 = Debug|Any CPU
		{92BF9427-B5BF-45AF-A83F-0EED5355EDDF}.Release|Any CPU.ActiveCfg = Release|Any CPU
		{92BF9427-B5BF-45AF-A83F-0EED5355EDDF}.Release|Any CPU.Build.0 = Release|Any CPU
		{715E7172-9F06-49F0-8838-E37B00B96C50}.Debug|Any CPU.ActiveCfg = Debug|Any CPU
		{715E7172-9F06-49F0-8838-E37B00B96C50}.Debug|Any CPU.Build.0 = Debug|Any CPU
		{715E7172-9F06-49F0-8838-E37B00B96C50}.Release|Any CPU.ActiveCfg = Release|Any CPU
		{715E7172-9F06-49F0-8838-E37B00B96C50}.Release|Any CPU.Build.0 = Release|Any CPU
		{E5A7F79C-0575-4F3E-979E-6D4576482AB9}.Debug|Any CPU.ActiveCfg = Debug|Any CPU
		{E5A7F79C-0575-4F3E-979E-6D4576482AB9}.Debug|Any CPU.Build.0 = Debug|Any CPU
		{E5A7F79C-0575-4F3E-979E-6D4576482AB9}.Release|Any CPU.ActiveCfg = Release|Any CPU
		{E5A7F79C-0575-4F3E-979E-6D4576482AB9}.Release|Any CPU.Build.0 = Release|Any CPU
		{9DDD32FE-385E-4CE4-A60C-235E1468314A}.Debug|Any CPU.ActiveCfg = Debug|Any CPU
		{9DDD32FE-385E-4CE4-A60C-235E1468314A}.Debug|Any CPU.Build.0 = Debug|Any CPU
		{9DDD32FE-385E-4CE4-A60C-235E1468314A}.Release|Any CPU.ActiveCfg = Release|Any CPU
		{9DDD32FE-385E-4CE4-A60C-235E1468314A}.Release|Any CPU.Build.0 = Release|Any CPU
		{7CEA2984-69AE-445D-9A73-D3FD3D9428F1}.Debug|Any CPU.ActiveCfg = Debug|Any CPU
		{7CEA2984-69AE-445D-9A73-D3FD3D9428F1}.Debug|Any CPU.Build.0 = Debug|Any CPU
		{7CEA2984-69AE-445D-9A73-D3FD3D9428F1}.Release|Any CPU.ActiveCfg = Release|Any CPU
		{7CEA2984-69AE-445D-9A73-D3FD3D9428F1}.Release|Any CPU.Build.0 = Release|Any CPU
		{4E6C53B1-F59A-4D02-9F08-FC0164268444}.Debug|Any CPU.ActiveCfg = Debug|Any CPU
		{4E6C53B1-F59A-4D02-9F08-FC0164268444}.Debug|Any CPU.Build.0 = Debug|Any CPU
		{4E6C53B1-F59A-4D02-9F08-FC0164268444}.Release|Any CPU.ActiveCfg = Release|Any CPU
		{4E6C53B1-F59A-4D02-9F08-FC0164268444}.Release|Any CPU.Build.0 = Release|Any CPU
		{4AFC95C4-FDED-40CC-83B7-2C7B9F632580}.Debug|Any CPU.ActiveCfg = Debug|Any CPU
		{4AFC95C4-FDED-40CC-83B7-2C7B9F632580}.Debug|Any CPU.Build.0 = Debug|Any CPU
		{4AFC95C4-FDED-40CC-83B7-2C7B9F632580}.Release|Any CPU.ActiveCfg = Release|Any CPU
		{4AFC95C4-FDED-40CC-83B7-2C7B9F632580}.Release|Any CPU.Build.0 = Release|Any CPU
	EndGlobalSection
	GlobalSection(SolutionProperties) = preSolution
		HideSolutionNode = FALSE
	EndGlobalSection
	GlobalSection(NestedProjects) = preSolution
		{AF2B718A-99CF-4248-8B00-FB123E9D85E2} = {38C8546A-A6F9-4A17-9619-8E6FA8E181D2}
		{BA956DEA-0FEA-42A6-A39A-2588193E3862} = {38C8546A-A6F9-4A17-9619-8E6FA8E181D2}
		{FF90378D-A641-4358-9A30-E0CFA212ECE5} = {4BABD1BF-A879-4CCE-B9E2-328179D6F85C}
		{92BF9427-B5BF-45AF-A83F-0EED5355EDDF} = {4BABD1BF-A879-4CCE-B9E2-328179D6F85C}
		{715E7172-9F06-49F0-8838-E37B00B96C50} = {4BABD1BF-A879-4CCE-B9E2-328179D6F85C}
		{E5A7F79C-0575-4F3E-979E-6D4576482AB9} = {38C8546A-A6F9-4A17-9619-8E6FA8E181D2}
		{9DDD32FE-385E-4CE4-A60C-235E1468314A} = {81DE0E52-AFC5-45F3-86FA-3AEC5A52E859}
		{7CEA2984-69AE-445D-9A73-D3FD3D9428F1} = {81DE0E52-AFC5-45F3-86FA-3AEC5A52E859}
		{4E6C53B1-F59A-4D02-9F08-FC0164268444} = {81DE0E52-AFC5-45F3-86FA-3AEC5A52E859}
		{4AFC95C4-FDED-40CC-83B7-2C7B9F632580} = {81DE0E52-AFC5-45F3-86FA-3AEC5A52E859}
	EndGlobalSection
EndGlobal
